
Microsoft Visual Studio Solution File, Format Version 12.00
# Visual Studio Version 17
VisualStudioVersion = 17.11.35222.181
MinimumVisualStudioVersion = 10.0.40219.1
Project("{FAE04EC0-301F-11D3-BF4B-00C04F79EFBC}") = "MyFirstApp", "MyFirstApp\MyFirstApp.csproj", "{47BDC6BA-BF44-4DC1-BB50-D08DED6AB98A}"
EndProject
Global
	GlobalSection(SolutionConfigurationPlatforms) = preSolution
		Debug|Any CPU = Debug|Any CPU
		Release|Any CPU = Release|Any CPU
	EndGlobalSection
	GlobalSection(ProjectConfigurationPlatforms) = postSolution
		{47BDC6BA-BF44-4DC1-BB50-D08DED6AB98A}.Debug|Any CPU.ActiveCfg = Debug|Any CPU
		{47BDC6BA-BF44-4DC1-BB50-D08DED6AB98A}.Debug|Any CPU.Build.0 = Debug|Any CPU
		{47BDC6BA-BF44-4DC1-BB50-D08DED6AB98A}.Release|Any CPU.ActiveCfg = Release|Any CPU
		{47BDC6BA-BF44-4DC1-BB50-D08DED6AB98A}.Release|Any CPU.Build.0 = Release|Any CPU
	EndGlobalSection
	GlobalSection(SolutionProperties) = preSolution
		HideSolutionNode = FALSE
	EndGlobalSection
	GlobalSection(ExtensibilityGlobals) = postSolution
		SolutionGuid = {B5DAF864-ABF5-4A09-9DF0-4E0AF7B41F1C}
	EndGlobalSection
EndGlobal
